<?xml version="1.0" encoding="utf-8"?>
<Project ToolsVersion="4.0" xmlns="http://schemas.microsoft.com/developer/msbuild/2003">
  <ItemGroup>
    <Filter Include="Quelldateien">
      <UniqueIdentifier>{4FC737F1-C7A5-4376-A066-2A32D752A2FF}</UniqueIdentifier>
      <Extensions>cpp;c;cc;cxx;def;odl;idl;hpj;bat;asm;asmx</Extensions>
    </Filter>
    <Filter Include="Headerdateien">
      <UniqueIdentifier>{93995380-89BD-4b04-88EB-625FBE52EBFB}</UniqueIdentifier>
      <Extensions>h;hpp;hxx;hm;inl;inc;xsd</Extensions>
    </Filter>
    <Filter Include="Ressourcendateien">
      <UniqueIdentifier>{67DA6AB6-F800-4c08-8B7A-83BB121AAD01}</UniqueIdentifier>
      <Extensions>rc;ico;cur;bmp;dlg;rc2;rct;bin;rgs;gif;jpg;jpeg;jpe;resx;tiff;tif;png;wav;mfcribbon-ms</Extensions>
    </Filter>
    <Filter Include="Quelldateien\Squirrel">
      <UniqueIdentifier>{8c9b14a0-0ec1-4737-8d84-56b3d9dd9d47}</UniqueIdentifier>
    </Filter>
    <Filter Include="Headerdateien\Squirrel">
      <UniqueIdentifier>{119d7b72-b3ae-4b32-a6a9-adbe16f9f283}</UniqueIdentifier>
    </Filter>
  </ItemGroup>
  <ItemGroup>
    <ClInclude Include="Stdafx.h">
      <Filter>Headerdateien</Filter>
    </ClInclude>
    <ClInclude Include="resource.h">
      <Filter>Headerdateien</Filter>
    </ClInclude>
    <ClInclude Include="squirrel\sqarray.h">
      <Filter>Headerdateien\Squirrel</Filter>
    </ClInclude>
    <ClInclude Include="squirrel\sqvm.h">
      <Filter>Headerdateien\Squirrel</Filter>
    </ClInclude>
    <ClInclude Include="squirrel\sqclass.h">
      <Filter>Headerdateien\Squirrel</Filter>
    </ClInclude>
    <ClInclude Include="squirrel\sqclosure.h">
      <Filter>Headerdateien\Squirrel</Filter>
    </ClInclude>
    <ClInclude Include="squirrel\sqcompiler.h">
      <Filter>Headerdateien\Squirrel</Filter>
    </ClInclude>
    <ClInclude Include="squirrel\sqfuncproto.h">
      <Filter>Headerdateien\Squirrel</Filter>
    </ClInclude>
    <ClInclude Include="squirrel\sqfuncstate.h">
      <Filter>Headerdateien\Squirrel</Filter>
    </ClInclude>
    <ClInclude Include="squirrel\sqlexer.h">
      <Filter>Headerdateien\Squirrel</Filter>
    </ClInclude>
    <ClInclude Include="squirrel\sqobject.h">
      <Filter>Headerdateien\Squirrel</Filter>
    </ClInclude>
    <ClInclude Include="squirrel\sqopcodes.h">
      <Filter>Headerdateien\Squirrel</Filter>
    </ClInclude>
    <ClInclude Include="squirrel\sqpcheader.h">
      <Filter>Headerdateien\Squirrel</Filter>
    </ClInclude>
    <ClInclude Include="squirrel\sqstate.h">
      <Filter>Headerdateien\Squirrel</Filter>
    </ClInclude>
    <ClInclude Include="squirrel\sqstdaux.h">
      <Filter>Headerdateien\Squirrel</Filter>
    </ClInclude>
    <ClInclude Include="squirrel\sqstdblob.h">
      <Filter>Headerdateien\Squirrel</Filter>
    </ClInclude>
    <ClInclude Include="squirrel\sqstdblobimpl.h">
      <Filter>Headerdateien\Squirrel</Filter>
    </ClInclude>
    <ClInclude Include="squirrel\sqstdio.h">
      <Filter>Headerdateien\Squirrel</Filter>
    </ClInclude>
    <ClInclude Include="squirrel\sqstdmath.h">
      <Filter>Headerdateien\Squirrel</Filter>
    </ClInclude>
    <ClInclude Include="squirrel\sqstdstream.h">
      <Filter>Headerdateien\Squirrel</Filter>
    </ClInclude>
    <ClInclude Include="squirrel\sqstdstring.h">
      <Filter>Headerdateien\Squirrel</Filter>
    </ClInclude>
    <ClInclude Include="squirrel\sqstdsystem.h">
      <Filter>Headerdateien\Squirrel</Filter>
    </ClInclude>
    <ClInclude Include="squirrel\sqstring.h">
      <Filter>Headerdateien\Squirrel</Filter>
    </ClInclude>
    <ClInclude Include="squirrel\sqtable.h">
      <Filter>Headerdateien\Squirrel</Filter>
    </ClInclude>
    <ClInclude Include="squirrel\squirrel.h">
      <Filter>Headerdateien\Squirrel</Filter>
    </ClInclude>
    <ClInclude Include="squirrel\squserdata.h">
      <Filter>Headerdateien\Squirrel</Filter>
    </ClInclude>
    <ClInclude Include="squirrel\squtils.h">
      <Filter>Headerdateien\Squirrel</Filter>
    </ClInclude>
  </ItemGroup>
  <ItemGroup>
    <ClCompile Include="AssemblyInfo.cpp">
      <Filter>Quelldateien</Filter>
    </ClCompile>
    <ClCompile Include="Stdafx.cpp">
      <Filter>Quelldateien</Filter>
    </ClCompile>
    <ClCompile Include="main.cpp">
      <Filter>Quelldateien</Filter>
    </ClCompile>
    <ClCompile Include="squirrel\sqapi.cpp">
      <Filter>Quelldateien\Squirrel</Filter>
    </ClCompile>
    <ClCompile Include="squirrel\sqvm.cpp">
      <Filter>Quelldateien\Squirrel</Filter>
    </ClCompile>
    <ClCompile Include="squirrel\sqbaselib.cpp">
      <Filter>Quelldateien\Squirrel</Filter>
    </ClCompile>
    <ClCompile Include="squirrel\sqclass.cpp">
      <Filter>Quelldateien\Squirrel</Filter>
    </ClCompile>
    <ClCompile Include="squirrel\sqcompiler.cpp">
      <Filter>Quelldateien\Squirrel</Filter>
    </ClCompile>
    <ClCompile Include="squirrel\sqdebug.cpp">
      <Filter>Quelldateien\Squirrel</Filter>
    </ClCompile>
    <ClCompile Include="squirrel\sqfuncstate.cpp">
      <Filter>Quelldateien\Squirrel</Filter>
    </ClCompile>
    <ClCompile Include="squirrel\sqlexer.cpp">
      <Filter>Quelldateien\Squirrel</Filter>
    </ClCompile>
    <ClCompile Include="squirrel\sqmem.cpp">
      <Filter>Quelldateien\Squirrel</Filter>
    </ClCompile>
    <ClCompile Include="squirrel\sqobject.cpp">
      <Filter>Quelldateien\Squirrel</Filter>
    </ClCompile>
    <ClCompile Include="squirrel\sqstate.cpp">
      <Filter>Quelldateien\Squirrel</Filter>
    </ClCompile>
    <ClCompile Include="squirrel\sqstdaux.cpp">
      <Filter>Quelldateien\Squirrel</Filter>
    </ClCompile>
    <ClCompile Include="squirrel\sqstdblob.cpp">
      <Filter>Quelldateien\Squirrel</Filter>
    </ClCompile>
    <ClCompile Include="squirrel\sqstdmath.cpp">
      <Filter>Quelldateien\Squirrel</Filter>
    </ClCompile>
    <ClCompile Include="squirrel\sqstdrex.cpp">
      <Filter>Quelldateien\Squirrel</Filter>
    </ClCompile>
    <ClCompile Include="squirrel\sqstdstream.cpp">
      <Filter>Quelldateien\Squirrel</Filter>
    </ClCompile>
    <ClCompile Include="squirrel\sqstdstring.cpp">
      <Filter>Quelldateien\Squirrel</Filter>
    </ClCompile>
    <ClCompile Include="squirrel\sqtable.cpp">
      <Filter>Quelldateien\Squirrel</Filter>
    </ClCompile>
  </ItemGroup>
  <ItemGroup>
    <None Include="ReadMe.txt" />
    <None Include="app.ico">
      <Filter>Ressourcendateien</Filter>
    </None>
    <None Include="squirrel\makefile" />
  </ItemGroup>
  <ItemGroup>
    <ResourceCompile Include="app.rc">
      <Filter>Ressourcendateien</Filter>
    </ResourceCompile>
  </ItemGroup>
</Project>